// !$*UTF8*$!
{
	archiveVersion = 1;
	classes = {
	};
	objectVersion = 55;
	objects = {

/* Begin PBXBuildFile section */
		6E69DC2F2806E673000EB2AA /* Tests_iOS.swift in Sources */ = {isa = PBXBuildFile; fileRef = 6E69DC2E2806E673000EB2AA /* Tests_iOS.swift */; };
		6E69DC312806E673000EB2AA /* Tests_iOSLaunchTests.swift in Sources */ = {isa = PBXBuildFile; fileRef = 6E69DC302806E673000EB2AA /* Tests_iOSLaunchTests.swift */; };
		6E69DC3B2806E674000EB2AA /* Tests_macOS.swift in Sources */ = {isa = PBXBuildFile; fileRef = 6E69DC3A2806E674000EB2AA /* Tests_macOS.swift */; };
		6E69DC3D2806E674000EB2AA /* Tests_macOSLaunchTests.swift in Sources */ = {isa = PBXBuildFile; fileRef = 6E69DC3C2806E674000EB2AA /* Tests_macOSLaunchTests.swift */; };
		6E69DC3E2806E674000EB2AA /* Calculator2.xcdatamodeld in Sources */ = {isa = PBXBuildFile; fileRef = 6E69DC132806E66F000EB2AA /* Calculator2.xcdatamodeld */; };
		6E69DC3F2806E674000EB2AA /* Calculator2.xcdatamodeld in Sources */ = {isa = PBXBuildFile; fileRef = 6E69DC132806E66F000EB2AA /* Calculator2.xcdatamodeld */; };
		6E69DC402806E674000EB2AA /* Calculator2App.swift in Sources */ = {isa = PBXBuildFile; fileRef = 6E69DC152806E66F000EB2AA /* Calculator2App.swift */; };
		6E69DC412806E674000EB2AA /* Calculator2App.swift in Sources */ = {isa = PBXBuildFile; fileRef = 6E69DC152806E66F000EB2AA /* Calculator2App.swift */; };
		6E69DC422806E674000EB2AA /* ContentView.swift in Sources */ = {isa = PBXBuildFile; fileRef = 6E69DC162806E66F000EB2AA /* ContentView.swift */; };
		6E69DC432806E674000EB2AA /* ContentView.swift in Sources */ = {isa = PBXBuildFile; fileRef = 6E69DC162806E66F000EB2AA /* ContentView.swift */; };
		6E69DC442806E674000EB2AA /* Persistence.swift in Sources */ = {isa = PBXBuildFile; fileRef = 6E69DC172806E66F000EB2AA /* Persistence.swift */; };
		6E69DC452806E674000EB2AA /* Persistence.swift in Sources */ = {isa = PBXBuildFile; fileRef = 6E69DC172806E66F000EB2AA /* Persistence.swift */; };
		6E69DC462806E674000EB2AA /* Assets.xcassets in Resources */ = {isa = PBXBuildFile; fileRef = 6E69DC182806E673000EB2AA /* Assets.xcassets */; };
		6E69DC472806E674000EB2AA /* Assets.xcassets in Resources */ = {isa = PBXBuildFile; fileRef = 6E69DC182806E673000EB2AA /* Assets.xcassets */; };
		6E69DC572806F28E000EB2AA /* Style.button.swift in Sources */ = {isa = PBXBuildFile; fileRef = 6E69DC562806F28E000EB2AA /* Style.button.swift */; };
		6E69DC582806F28E000EB2AA /* Style.button.swift in Sources */ = {isa = PBXBuildFile; fileRef = 6E69DC562806F28E000EB2AA /* Style.button.swift */; };
		6E8ED3E8280B845B00CB4D1B /* Logic.swift in Sources */ = {isa = PBXBuildFile; fileRef = 6E8ED3E7280B845B00CB4D1B /* Logic.swift */; };
		6E8ED3E9280B845B00CB4D1B /* Logic.swift in Sources */ = {isa = PBXBuildFile; fileRef = 6E8ED3E7280B845B00CB4D1B /* Logic.swift */; };
		6E8ED3EA280B845B00CB4D1B /* Logic.swift in Sources */ = {isa = PBXBuildFile; fileRef = 6E8ED3E7280B845B00CB4D1B /* Logic.swift */; };
		6E8ED3EB280B845B00CB4D1B /* Logic.swift in Sources */ = {isa = PBXBuildFile; fileRef = 6E8ED3E7280B845B00CB4D1B /* Logic.swift */; };
/* End PBXBuildFile section */

/* Begin PBXContainerItemProxy section */
		6E69DC2B2806E673000EB2AA /* PBXContainerItemProxy */ = {
			isa = PBXContainerItemProxy;
			containerPortal = 6E69DC0E2806E66F000EB2AA /* Project object */;
			proxyType = 1;
			remoteGlobalIDString = 6E69DC1C2806E673000EB2AA;
			remoteInfo = "Calculator2 (iOS)";
		};
		6E69DC372806E674000EB2AA /* PBXContainerItemProxy */ = {
			isa = PBXContainerItemProxy;
			containerPortal = 6E69DC0E2806E66F000EB2AA /* Project object */;
			proxyType = 1;
			remoteGlobalIDString = 6E69DC222806E673000EB2AA;
			remoteInfo = "Calculator2 (macOS)";
		};
/* End PBXContainerItemProxy section */

/* Begin PBXFileReference section */
		6E69DC142806E66F000EB2AA /* Shared.xcdatamodel */ = {isa = PBXFileReference; lastKnownFileType = wrapper.xcdatamodel; path = Shared.xcdatamodel; sourceTree = "<group>"; };
		6E69DC152806E66F000EB2AA /* Calculator2App.swift */ = {isa = PBXFileReference; lastKnownFileType = sourcecode.swift; path = Calculator2App.swift; sourceTree = "<group>"; };
		6E69DC162806E66F000EB2AA /* ContentView.swift */ = {isa = PBXFileReference; lastKnownFileType = sourcecode.swift; path = ContentView.swift; sourceTree = "<group>"; };
		6E69DC172806E66F000EB2AA /* Persistence.swift */ = {isa = PBXFileReference; lastKnownFileType = sourcecode.swift; path = Persistence.swift; sourceTree = "<group>"; };
		6E69DC182806E673000EB2AA /* Assets.xcassets */ = {isa = PBXFileReference; lastKnownFileType = folder.assetcatalog; path = Assets.xcassets; sourceTree = "<group>"; };
		6E69DC1D2806E673000EB2AA /* Calculator2.app */ = {isa = PBXFileReference; explicitFileType = wrapper.application; includeInIndex = 0; path = Calculator2.app; sourceTree = BUILT_PRODUCTS_DIR; };
		6E69DC232806E673000EB2AA /* Calculator2.app */ = {isa = PBXFileReference; explicitFileType = wrapper.application; includeInIndex = 0; path = Calculator2.app; sourceTree = BUILT_PRODUCTS_DIR; };
		6E69DC252806E673000EB2AA /* macOS.entitlements */ = {isa = PBXFileReference; lastKnownFileType = text.plist.entitlements; path = macOS.entitlements; sourceTree = "<group>"; };
		6E69DC2A2806E673000EB2AA /* Tests iOS.xctest */ = {isa = PBXFileReference; explicitFileType = wrapper.cfbundle; includeInIndex = 0; path = "Tests iOS.xctest"; sourceTree = BUILT_PRODUCTS_DIR; };
		6E69DC2E2806E673000EB2AA /* Tests_iOS.swift */ = {isa = PBXFileReference; lastKnownFileType = sourcecode.swift; path = Tests_iOS.swift; sourceTree = "<group>"; };
		6E69DC302806E673000EB2AA /* Tests_iOSLaunchTests.swift */ = {isa = PBXFileReference; lastKnownFileType = sourcecode.swift; path = Tests_iOSLaunchTests.swift; sourceTree = "<group>"; };
		6E69DC362806E674000EB2AA /* Tests macOS.xctest */ = {isa = PBXFileReference; explicitFileType = wrapper.cfbundle; includeInIndex = 0; path = "Tests macOS.xctest"; sourceTree = BUILT_PRODUCTS_DIR; };
		6E69DC3A2806E674000EB2AA /* Tests_macOS.swift */ = {isa = PBXFileReference; lastKnownFileType = sourcecode.swift; path = Tests_macOS.swift; sourceTree = "<group>"; };
		6E69DC3C2806E674000EB2AA /* Tests_macOSLaunchTests.swift */ = {isa = PBXFileReference; lastKnownFileType = sourcecode.swift; path = Tests_macOSLaunchTests.swift; sourceTree = "<group>"; };
		6E69DC562806F28E000EB2AA /* Style.button.swift */ = {isa = PBXFileReference; lastKnownFileType = sourcecode.swift; path = Style.button.swift; sourceTree = "<group>"; };
		6E8ED3E7280B845B00CB4D1B /* Logic.swift */ = {isa = PBXFileReference; lastKnownFileType = sourcecode.swift; path = Logic.swift; sourceTree = "<group>"; };
/* End PBXFileReference section */

/* Begin PBXFrameworksBuildPhase section */
		6E69DC1A2806E673000EB2AA /* Frameworks */ = {
			isa = PBXFrameworksBuildPhase;
			buildActionMask = 2147483647;
			files = (
			);
			runOnlyForDeploymentPostprocessing = 0;
		};
		6E69DC202806E673000EB2AA /* Frameworks */ = {
			isa = PBXFrameworksBuildPhase;
			buildActionMask = 2147483647;
			files = (
			);
			runOnlyForDeploymentPostprocessing = 0;
		};
		6E69DC272806E673000EB2AA /* Frameworks */ = {
			isa = PBXFrameworksBuildPhase;
			buildActionMask = 2147483647;
			files = (
			);
			runOnlyForDeploymentPostprocessing = 0;
		};
		6E69DC332806E674000EB2AA /* Frameworks */ = {
			isa = PBXFrameworksBuildPhase;
			buildActionMask = 2147483647;
			files = (
			);
			runOnlyForDeploymentPostprocessing = 0;
		};
/* End PBXFrameworksBuildPhase section */

/* Begin PBXGroup section */
		6E69DC0D2806E66F000EB2AA = {
			isa = PBXGroup;
			children = (
				6E69DC122806E66F000EB2AA /* Shared */,
				6E69DC242806E673000EB2AA /* macOS */,
				6E69DC2D2806E673000EB2AA /* Tests iOS */,
				6E69DC392806E674000EB2AA /* Tests macOS */,
				6E69DC1E2806E673000EB2AA /* Products */,
			);
			sourceTree = "<group>";
		};
		6E69DC122806E66F000EB2AA /* Shared */ = {
			isa = PBXGroup;
			children = (
				6E69DC152806E66F000EB2AA /* Calculator2App.swift */,
				6E69DC162806E66F000EB2AA /* ContentView.swift */,
				6E8ED3E7280B845B00CB4D1B /* Logic.swift */,
				6E69DC562806F28E000EB2AA /* Style.button.swift */,
				6E69DC172806E66F000EB2AA /* Persistence.swift */,
				6E69DC182806E673000EB2AA /* Assets.xcassets */,
				6E69DC132806E66F000EB2AA /* Calculator2.xcdatamodeld */,
			);
			path = Shared;
			sourceTree = "<group>";
		};
		6E69DC1E2806E673000EB2AA /* Products */ = {
			isa = PBXGroup;
			children = (
				6E69DC1D2806E673000EB2AA /* Calculator2.app */,
				6E69DC232806E673000EB2AA /* Calculator2.app */,
				6E69DC2A2806E673000EB2AA /* Tests iOS.xctest */,
				6E69DC362806E674000EB2AA /* Tests macOS.xctest */,
			);
			name = Products;
			sourceTree = "<group>";
		};
		6E69DC242806E673000EB2AA /* macOS */ = {
			isa = PBXGroup;
			children = (
				6E69DC252806E673000EB2AA /* macOS.entitlements */,
			);
			path = macOS;
			sourceTree = "<group>";
		};
		6E69DC2D2806E673000EB2AA /* Tests iOS */ = {
			isa = PBXGroup;
			children = (
				6E69DC2E2806E673000EB2AA /* Tests_iOS.swift */,
				6E69DC302806E673000EB2AA /* Tests_iOSLaunchTests.swift */,
			);
			path = "Tests iOS";
			sourceTree = "<group>";
		};
		6E69DC392806E674000EB2AA /* Tests macOS */ = {
			isa = PBXGroup;
			children = (
				6E69DC3A2806E674000EB2AA /* Tests_macOS.swift */,
				6E69DC3C2806E674000EB2AA /* Tests_macOSLaunchTests.swift */,
			);
			path = "Tests macOS";
			sourceTree = "<group>";
		};
/* End PBXGroup section */

/* Begin PBXNativeTarget section */
		6E69DC1C2806E673000EB2AA /* Calculator2 (iOS) */ = {
			isa = PBXNativeTarget;
			buildConfigurationList = 6E69DC4A2806E674000EB2AA /* Build configuration list for PBXNativeTarget "Calculator2 (iOS)" */;
			buildPhases = (
				6E69DC192806E673000EB2AA /* Sources */,
				6E69DC1A2806E673000EB2AA /* Frameworks */,
				6E69DC1B2806E673000EB2AA /* Resources */,
			);
			buildRules = (
			);
			dependencies = (
			);
			name = "Calculator2 (iOS)";
			productName = "Calculator2 (iOS)";
			productReference = 6E69DC1D2806E673000EB2AA /* Calculator2.app */;
			productType = "com.apple.product-type.application";
		};
		6E69DC222806E673000EB2AA /* Calculator2 (macOS) */ = {
			isa = PBXNativeTarget;
			buildConfigurationList = 6E69DC4D2806E674000EB2AA /* Build configuration list for PBXNativeTarget "Calculator2 (macOS)" */;
			buildPhases = (
				6E69DC1F2806E673000EB2AA /* Sources */,
				6E69DC202806E673000EB2AA /* Frameworks */,
				6E69DC212806E673000EB2AA /* Resources */,
			);
			buildRules = (
			);
			dependencies = (
			);
			name = "Calculator2 (macOS)";
			productName = "Calculator2 (macOS)";
			productReference = 6E69DC232806E673000EB2AA /* Calculator2.app */;
			productType = "com.apple.product-type.application";
		};
		6E69DC292806E673000EB2AA /* Tests iOS */ = {
			isa = PBXNativeTarget;
			buildConfigurationList = 6E69DC502806E674000EB2AA /* Build configuration list for PBXNativeTarget "Tests iOS" */;
			buildPhases = (
				6E69DC262806E673000EB2AA /* Sources */,
				6E69DC272806E673000EB2AA /* Frameworks */,
				6E69DC282806E673000EB2AA /* Resources */,
			);
			buildRules = (
			);
			dependencies = (
				6E69DC2C2806E673000EB2AA /* PBXTargetDependency */,
			);
			name = "Tests iOS";
			productName = "Tests iOS";
			productReference = 6E69DC2A2806E673000EB2AA /* Tests iOS.xctest */;
			productType = "com.apple.product-type.bundle.ui-testing";
		};
		6E69DC352806E674000EB2AA /* Tests macOS */ = {
			isa = PBXNativeTarget;
			buildConfigurationList = 6E69DC532806E674000EB2AA /* Build configuration list for PBXNativeTarget "Tests macOS" */;
			buildPhases = (
				6E69DC322806E674000EB2AA /* Sources */,
				6E69DC332806E674000EB2AA /* Frameworks */,
				6E69DC342806E674000EB2AA /* Resources */,
			);
			buildRules = (
			);
			dependencies = (
				6E69DC382806E674000EB2AA /* PBXTargetDependency */,
			);
			name = "Tests macOS";
			productName = "Tests macOS";
			productReference = 6E69DC362806E674000EB2AA /* Tests macOS.xctest */;
			productType = "com.apple.product-type.bundle.ui-testing";
		};
/* End PBXNativeTarget section */

/* Begin PBXProject section */
		6E69DC0E2806E66F000EB2AA /* Project object */ = {
			isa = PBXProject;
			attributes = {
				BuildIndependentTargetsInParallel = 1;
				LastSwiftUpdateCheck = 1330;
				LastUpgradeCheck = 1330;
				TargetAttributes = {
					6E69DC1C2806E673000EB2AA = {
						CreatedOnToolsVersion = 13.3;
					};
					6E69DC222806E673000EB2AA = {
						CreatedOnToolsVersion = 13.3;
					};
					6E69DC292806E673000EB2AA = {
						CreatedOnToolsVersion = 13.3;
						TestTargetID = 6E69DC1C2806E673000EB2AA;
					};
					6E69DC352806E674000EB2AA = {
						CreatedOnToolsVersion = 13.3;
						TestTargetID = 6E69DC222806E673000EB2AA;
					};
				};
			};
			buildConfigurationList = 6E69DC112806E66F000EB2AA /* Build configuration list for PBXProject "Calculator2" */;
			compatibilityVersion = "Xcode 13.0";
			developmentRegion = en;
			hasScannedForEncodings = 0;
			knownRegions = (
				en,
				Base,
			);
			mainGroup = 6E69DC0D2806E66F000EB2AA;
			productRefGroup = 6E69DC1E2806E673000EB2AA /* Products */;
			projectDirPath = "";
			projectRoot = "";
			targets = (
				6E69DC1C2806E673000EB2AA /* Calculator2 (iOS) */,
				6E69DC222806E673000EB2AA /* Calculator2 (macOS) */,
				6E69DC292806E673000EB2AA /* Tests iOS */,
				6E69DC352806E674000EB2AA /* Tests macOS */,
			);
		};
/* End PBXProject section */

/* Begin PBXResourcesBuildPhase section */
		6E69DC1B2806E673000EB2AA /* Resources */ = {
			isa = PBXResourcesBuildPhase;
			buildActionMask = 2147483647;
			files = (
				6E69DC462806E674000EB2AA /* Assets.xcassets in Resources */,
			);
			runOnlyForDeploymentPostprocessing = 0;
		};
		6E69DC212806E673000EB2AA /* Resources */ = {
			isa = PBXResourcesBuildPhase;
			buildActionMask = 2147483647;
			files = (
				6E69DC472806E674000EB2AA /* Assets.xcassets in Resources */,
			);
			runOnlyForDeploymentPostprocessing = 0;
		};
		6E69DC282806E673000EB2AA /* Resources */ = {
			isa = PBXResourcesBuildPhase;
			buildActionMask = 2147483647;
			files = (
			);
			runOnlyForDeploymentPostprocessing = 0;
		};
		6E69DC342806E674000EB2AA /* Resources */ = {
			isa = PBXResourcesBuildPhase;
			buildActionMask = 2147483647;
			files = (
			);
			runOnlyForDeploymentPostprocessing = 0;
		};
/* End PBXResourcesBuildPhase section */

/* Begin PBXSourcesBuildPhase section */
		6E69DC192806E673000EB2AA /* Sources */ = {
			isa = PBXSourcesBuildPhase;
			buildActionMask = 2147483647;
			files = (
				6E69DC402806E674000EB2AA /* Calculator2App.swift in Sources */,
				6E69DC442806E674000EB2AA /* Persistence.swift in Sources */,
				6E69DC3E2806E674000EB2AA /* Calculator2.xcdatamodeld in Sources */,
				6E69DC572806F28E000EB2AA /* Style.button.swift in Sources */,
				6E8ED3E8280B845B00CB4D1B /* Logic.swift in Sources */,
				6E69DC422806E674000EB2AA /* ContentView.swift in Sources */,
			);
			runOnlyForDeploymentPostprocessing = 0;
		};
		6E69DC1F2806E673000EB2AA /* Sources */ = {
			isa = PBXSourcesBuildPhase;
			buildActionMask = 2147483647;
			files = (
				6E69DC412806E674000EB2AA /* Calculator2App.swift in Sources */,
				6E69DC452806E674000EB2AA /* Persistence.swift in Sources */,
				6E69DC3F2806E674000EB2AA /* Calculator2.xcdatamodeld in Sources */,
				6E69DC582806F28E000EB2AA /* Style.button.swift in Sources */,
				6E8ED3E9280B845B00CB4D1B /* Logic.swift in Sources */,
				6E69DC432806E674000EB2AA /* ContentView.swift in Sources */,
			);
			runOnlyForDeploymentPostprocessing = 0;
		};
		6E69DC262806E673000EB2AA /* Sources */ = {
			isa = PBXSourcesBuildPhase;
			buildActionMask = 2147483647;
			files = (
				6E69DC312806E673000EB2AA /* Tests_iOSLaunchTests.swift in Sources */,
				6E8ED3EA280B845B00CB4D1B /* Logic.swift in Sources */,
				6E69DC2F2806E673000EB2AA /* Tests_iOS.swift in Sources */,
			);
			runOnlyForDeploymentPostprocessing = 0;
		};
		6E69DC322806E674000EB2AA /* Sources */ = {
			isa = PBXSourcesBuildPhase;
			buildActionMask = 2147483647;
			files = (
				6E69DC3D2806E674000EB2AA /* Tests_macOSLaunchTests.swift in Sources */,
				6E8ED3EB280B845B00CB4D1B /* Logic.swift in Sources */,
				6E69DC3B2806E674000EB2AA /* Tests_macOS.swift in Sources */,
			);
			runOnlyForDeploymentPostprocessing = 0;
		};
/* End PBXSourcesBuildPhase section */

/* Begin PBXTargetDependency section */
		6E69DC2C2806E673000EB2AA /* PBXTargetDependency */ = {
			isa = PBXTargetDependency;
			target = 6E69DC1C2806E673000EB2AA /* Calculator2 (iOS) */;
			targetProxy = 6E69DC2B2806E673000EB2AA /* PBXContainerItemProxy */;
		};
		6E69DC382806E674000EB2AA /* PBXTargetDependency */ = {
			isa = PBXTargetDependency;
			target = 6E69DC222806E673000EB2AA /* Calculator2 (macOS) */;
			targetProxy = 6E69DC372806E674000EB2AA /* PBXContainerItemProxy */;
		};
/* End PBXTargetDependency section */

/* Begin XCBuildConfiguration section */
		6E69DC482806E674000EB2AA /* Debug */ = {
			isa = XCBuildConfiguration;
			buildSettings = {
				ALWAYS_SEARCH_USER_PATHS = NO;
				CLANG_ANALYZER_NONNULL = YES;
				CLANG_ANALYZER_NUMBER_OBJECT_CONVERSION = YES_AGGRESSIVE;
				CLANG_CXX_LANGUAGE_STANDARD = "gnu++17";
				CLANG_ENABLE_MODULES = YES;
				CLANG_ENABLE_OBJC_ARC = YES;
				CLANG_ENABLE_OBJC_WEAK = YES;
				CLANG_WARN_BLOCK_CAPTURE_AUTORELEASING = YES;
				CLANG_WARN_BOOL_CONVERSION = YES;
				CLANG_WARN_COMMA = YES;
				CLANG_WARN_CONSTANT_CONVERSION = YES;
				CLANG_WARN_DEPRECATED_OBJC_IMPLEMENTATIONS = YES;
				CLANG_WARN_DIRECT_OBJC_ISA_USAGE = YES_ERROR;
				CLANG_WARN_DOCUMENTATION_COMMENTS = YES;
				CLANG_WARN_EMPTY_BODY = YES;
				CLANG_WARN_ENUM_CONVERSION = YES;
				CLANG_WARN_INFINITE_RECURSION = YES;
				CLANG_WARN_INT_CONVERSION = YES;
				CLANG_WARN_NON_LITERAL_NULL_CONVERSION = YES;
				CLANG_WARN_OBJC_IMPLICIT_RETAIN_SELF = YES;
				CLANG_WARN_OBJC_LITERAL_CONVERSION = YES;
				CLANG_WARN_OBJC_ROOT_CLASS = YES_ERROR;
				CLANG_WARN_QUOTED_INCLUDE_IN_FRAMEWORK_HEADER = YES;
				CLANG_WARN_RANGE_LOOP_ANALYSIS = YES;
				CLANG_WARN_STRICT_PROTOTYPES = YES;
				CLANG_WARN_SUSPICIOUS_MOVE = YES;
				CLANG_WARN_UNGUARDED_AVAILABILITY = YES_AGGRESSIVE;
				CLANG_WARN_UNREACHABLE_CODE = YES;
				CLANG_WARN__DUPLICATE_METHOD_MATCH = YES;
				COPY_PHASE_STRIP = NO;
				DEBUG_INFORMATION_FORMAT = dwarf;
				ENABLE_STRICT_OBJC_MSGSEND = YES;
				ENABLE_TESTABILITY = YES;
				GCC_C_LANGUAGE_STANDARD = gnu11;
				GCC_DYNAMIC_NO_PIC = NO;
				GCC_NO_COMMON_BLOCKS = YES;
				GCC_OPTIMIZATION_LEVEL = 0;
				GCC_PREPROCESSOR_DEFINITIONS = (
					"DEBUG=1",
					"$(inherited)",
				);
				GCC_WARN_64_TO_32_BIT_CONVERSION = YES;
				GCC_WARN_ABOUT_RETURN_TYPE = YES_ERROR;
				GCC_WARN_UNDECLARED_SELECTOR = YES;
				GCC_WARN_UNINITIALIZED_AUTOS = YES_AGGRESSIVE;
				GCC_WARN_UNUSED_FUNCTION = YES;
				GCC_WARN_UNUSED_VARIABLE = YES;
				MTL_ENABLE_DEBUG_INFO = INCLUDE_SOURCE;
				MTL_FAST_MATH = YES;
				ONLY_ACTIVE_ARCH = YES;
				SWIFT_ACTIVE_COMPILATION_CONDITIONS = DEBUG;
				SWIFT_OPTIMIZATION_LEVEL = "-Onone";
			};
			name = Debug;
		};
		6E69DC492806E674000EB2AA /* Release */ = {
			isa = XCBuildConfiguration;
			buildSettings = {
				ALWAYS_SEARCH_USER_PATHS = NO;
				CLANG_ANALYZER_NONNULL = YES;
				CLANG_ANALYZER_NUMBER_OBJECT_CONVERSION = YES_AGGRESSIVE;
				CLANG_CXX_LANGUAGE_STANDARD = "gnu++17";
				CLANG_ENABLE_MODULES = YES;
				CLANG_ENABLE_OBJC_ARC = YES;
				CLANG_ENABLE_OBJC_WEAK = YES;
				CLANG_WARN_BLOCK_CAPTURE_AUTORELEASING = YES;
				CLANG_WARN_BOOL_CONVERSION = YES;
				CLANG_WARN_COMMA = YES;
				CLANG_WARN_CONSTANT_CONVERSION = YES;
				CLANG_WARN_DEPRECATED_OBJC_IMPLEMENTATIONS = YES;
				CLANG_WARN_DIRECT_OBJC_ISA_USAGE = YES_ERROR;
				CLANG_WARN_DOCUMENTATION_COMMENTS = YES;
				CLANG_WARN_EMPTY_BODY = YES;
				CLANG_WARN_ENUM_CONVERSION = YES;
				CLANG_WARN_INFINITE_RECURSION = YES;
				CLANG_WARN_INT_CONVERSION = YES;
				CLANG_WARN_NON_LITERAL_NULL_CONVERSION = YES;
				CLANG_WARN_OBJC_IMPLICIT_RETAIN_SELF = YES;
				CLANG_WARN_OBJC_LITERAL_CONVERSION = YES;
				CLANG_WARN_OBJC_ROOT_CLASS = YES_ERROR;
				CLANG_WARN_QUOTED_INCLUDE_IN_FRAMEWORK_HEADER = YES;
				CLANG_WARN_RANGE_LOOP_ANALYSIS = YES;
				CLANG_WARN_STRICT_PROTOTYPES = YES;
				CLANG_WARN_SUSPICIOUS_MOVE = YES;
				CLANG_WARN_UNGUARDED_AVAILABILITY = YES_AGGRESSIVE;
				CLANG_WARN_UNREACHABLE_CODE = YES;
				CLANG_WARN__DUPLICATE_METHOD_MATCH = YES;
				COPY_PHASE_STRIP = NO;
				DEBUG_INFORMATION_FORMAT = "dwarf-with-dsym";
				ENABLE_NS_ASSERTIONS = NO;
				ENABLE_STRICT_OBJC_MSGSEND = YES;
				GCC_C_LANGUAGE_STANDARD = gnu11;
				GCC_NO_COMMON_BLOCKS = YES;
				GCC_WARN_64_TO_32_BIT_CONVERSION = YES;
				GCC_WARN_ABOUT_RETURN_TYPE = YES_ERROR;
				GCC_WARN_UNDECLARED_SELECTOR = YES;
				GCC_WARN_UNINITIALIZED_AUTOS = YES_AGGRESSIVE;
				GCC_WARN_UNUSED_FUNCTION = YES;
				GCC_WARN_UNUSED_VARIABLE = YES;
				MTL_ENABLE_DEBUG_INFO = NO;
				MTL_FAST_MATH = YES;
				SWIFT_COMPILATION_MODE = wholemodule;
				SWIFT_OPTIMIZATION_LEVEL = "-O";
			};
			name = Release;
		};
		6E69DC4B2806E674000EB2AA /* Debug */ = {
			isa = XCBuildConfiguration;
			buildSettings = {
				ASSETCATALOG_COMPILER_APPICON_NAME = AppIcon;
				ASSETCATALOG_COMPILER_GLOBAL_ACCENT_COLOR_NAME = AccentColor;
				CODE_SIGN_STYLE = Automatic;
				CURRENT_PROJECT_VERSION = 1;
				ENABLE_PREVIEWS = YES;
				GENERATE_INFOPLIST_FILE = YES;
				INFOPLIST_KEY_UIApplicationSceneManifest_Generation = YES;
				INFOPLIST_KEY_UIApplicationSupportsIndirectInputEvents = YES;
				INFOPLIST_KEY_UILaunchScreen_Generation = YES;
				INFOPLIST_KEY_UISupportedInterfaceOrientations_iPad = "UIInterfaceOrientationPortrait UIInterfaceOrientationPortraitUpsideDown UIInterfaceOrientationLandscapeLeft UIInterfaceOrientationLandscapeRight";
				INFOPLIST_KEY_UISupportedInterfaceOrientations_iPhone = "UIInterfaceOrientationPortrait UIInterfaceOrientationLandscapeLeft UIInterfaceOrientationLandscapeRight";
				IPHONEOS_DEPLOYMENT_TARGET = 15.4;
				LD_RUNPATH_SEARCH_PATHS = (
					"$(inherited)",
					"@executable_path/Frameworks",
				);
				MARKETING_VERSION = 1.0;
				PRODUCT_BUNDLE_IDENTIFIER = com.example.Calculator2;
				PRODUCT_NAME = Calculator2;
				SDKROOT = iphoneos;
				SWIFT_EMIT_LOC_STRINGS = YES;
				SWIFT_VERSION = 5.0;
				TARGETED_DEVICE_FAMILY = "1,2";
			};
			name = Debug;
		};
		6E69DC4C2806E674000EB2AA /* Release */ = {
			isa = XCBuildConfiguration;
			buildSettings = {
				ASSETCATALOG_COMPILER_APPICON_NAME = AppIcon;
				ASSETCATALOG_COMPILER_GLOBAL_ACCENT_COLOR_NAME = AccentColor;
				CODE_SIGN_STYLE = Automatic;
				CURRENT_PROJECT_VERSION = 1;
				ENABLE_PREVIEWS = YES;
				GENERATE_INFOPLIST_FILE = YES;
				INFOPLIST_KEY_UIApplicationSceneManifest_Generation = YES;
				INFOPLIST_KEY_UIApplicationSupportsIndirectInputEvents = YES;
				INFOPLIST_KEY_UILaunchScreen_Generation = YES;
				INFOPLIST_KEY_UISupportedInterfaceOrientations_iPad = "UIInterfaceOrientationPortrait UIInterfaceOrientationPortraitUpsideDown UIInterfaceOrientationLandscapeLeft UIInterfaceOrientationLandscapeRight";
				INFOPLIST_KEY_UISupportedInterfaceOrientations_iPhone = "UIInterfaceOrientationPortrait UIInterfaceOrientationLandscapeLeft UIInterfaceOrientationLandscapeRight";
				IPHONEOS_DEPLOYMENT_TARGET = 15.4;
				LD_RUNPATH_SEARCH_PATHS = (
					"$(inherited)",
					"@executable_path/Frameworks",
				);
				MARKETING_VERSION = 1.0;
				PRODUCT_BUNDLE_IDENTIFIER = com.example.Calculator2;
				PRODUCT_NAME = Calculator2;
				SDKROOT = iphoneos;
				SWIFT_EMIT_LOC_STRINGS = YES;
				SWIFT_VERSION = 5.0;
				TARGETED_DEVICE_FAMILY = "1,2";
				VALIDATE_PRODUCT = YES;
			};
			name = Release;
		};
		6E69DC4E2806E674000EB2AA /* Debug */ = {
			isa = XCBuildConfiguration;
			buildSettings = {
				ASSETCATALOG_COMPILER_APPICON_NAME = AppIcon;
				ASSETCATALOG_COMPILER_GLOBAL_ACCENT_COLOR_NAME = AccentColor;
				CODE_SIGN_ENTITLEMENTS = macOS/macOS.entitlements;
				CODE_SIGN_STYLE = Automatic;
				COMBINE_HIDPI_IMAGES = YES;
				CURRENT_PROJECT_VERSION = 1;
				ENABLE_PREVIEWS = YES;
				GENERATE_INFOPLIST_FILE = YES;
				INFOPLIST_KEY_NSHumanReadableCopyright = "";
				LD_RUNPATH_SEARCH_PATHS = (
					"$(inherited)",
					"@executable_path/../Frameworks",
				);
				MACOSX_DEPLOYMENT_TARGET = 12.3;
				MARKETING_VERSION = 1.0;
				PRODUCT_BUNDLE_IDENTIFIER = com.example.Calculator2;
				PRODUCT_NAME = Calculator2;
				SDKROOT = macosx;
				SWIFT_EMIT_LOC_STRINGS = YES;
				SWIFT_VERSION = 5.0;
			};
			name = Debug;
		};
		6E69DC4F2806E674000EB2AA /* Release */ = {
			isa = XCBuildConfiguration;
			buildSettings = {
				ASSETCATALOG_COMPILER_APPICON_NAME = AppIcon;
				ASSETCATALOG_COMPILER_GLOBAL_ACCENT_COLOR_NAME = AccentColor;
				CODE_SIGN_ENTITLEMENTS = macOS/macOS.entitlements;
				CODE_SIGN_STYLE = Automatic;
				COMBINE_HIDPI_IMAGES = YES;
				CURRENT_PROJECT_VERSION = 1;
				ENABLE_PREVIEWS = YES;
				GENERATE_INFOPLIST_FILE = YES;
				INFOPLIST_KEY_NSHumanReadableCopyright = "";
				LD_RUNPATH_SEARCH_PATHS = (
					"$(inherited)",
					"@executable_path/../Frameworks",
				);
				MACOSX_DEPLOYMENT_TARGET = 12.3;
				MARKETING_VERSION = 1.0;
				PRODUCT_BUNDLE_IDENTIFIER = com.example.Calculator2;
				PRODUCT_NAME = Calculator2;
				SDKROOT = macosx;
				SWIFT_EMIT_LOC_STRINGS = YES;
				SWIFT_VERSION = 5.0;
			};
			name = Release;
		};
		6E69DC512806E674000EB2AA /* Debug */ = {
			isa = XCBuildConfiguration;
			buildSettings = {
				ALWAYS_EMBED_SWIFT_STANDARD_LIBRARIES = YES;
				CODE_SIGN_STYLE = Automatic;
				CURRENT_PROJECT_VERSION = 1;
				GENERATE_INFOPLIST_FILE = YES;
				IPHONEOS_DEPLOYMENT_TARGET = 15.4;
				MARKETING_VERSION = 1.0;
				PRODUCT_BUNDLE_IDENTIFIER = "com.example.Tests-iOS";
				PRODUCT_NAME = "$(TARGET_NAME)";
				SDKROOT = iphoneos;
				SWIFT_EMIT_LOC_STRINGS = NO;
				SWIFT_VERSION = 5.0;
				TARGETED_DEVICE_FAMILY = "1,2";
				TEST_TARGET_NAME = "Calculator2 (iOS)";
			};
			name = Debug;
		};
		6E69DC522806E674000EB2AA /* Release */ = {
			isa = XCBuildConfiguration;
			buildSettings = {
				ALWAYS_EMBED_SWIFT_STANDARD_LIBRARIES = YES;
				CODE_SIGN_STYLE = Automatic;
				CURRENT_PROJECT_VERSION = 1;
				GENERATE_INFOPLIST_FILE = YES;
				IPHONEOS_DEPLOYMENT_TARGET = 15.4;
				MARKETING_VERSION = 1.0;
				PRODUCT_BUNDLE_IDENTIFIER = "com.example.Tests-iOS";
				PRODUCT_NAME = "$(TARGET_NAME)";
				SDKROOT = iphoneos;
				SWIFT_EMIT_LOC_STRINGS = NO;
				SWIFT_VERSION = 5.0;
				TARGETED_DEVICE_FAMILY = "1,2";
				TEST_TARGET_NAME = "Calculator2 (iOS)";
				VALIDATE_PRODUCT = YES;
			};
			name = Release;
		};
		6E69DC542806E674000EB2AA /* Debug */ = {
			isa = XCBuildConfiguration;
			buildSettings = {
				ALWAYS_EMBED_SWIFT_STANDARD_LIBRARIES = YES;
				CODE_SIGN_STYLE = Automatic;
				CURRENT_PROJECT_VERSION = 1;
				GENERATE_INFOPLIST_FILE = YES;
				MACOSX_DEPLOYMENT_TARGET = 12.3;
				MARKETING_VERSION = 1.0;
				PRODUCT_BUNDLE_IDENTIFIER = "com.example.Tests-macOS";
				PRODUCT_NAME = "$(TARGET_NAME)";
				SDKROOT = macosx;
				SWIFT_EMIT_LOC_STRINGS = NO;
				SWIFT_VERSION = 5.0;
				TEST_TARGET_NAME = "Calculator2 (macOS)";
			};
			name = Debug;
		};
		6E69DC552806E674000EB2AA /* Release */ = {
			isa = XCBuildConfiguration;
			buildSettings = {
				ALWAYS_EMBED_SWIFT_STANDARD_LIBRARIES = YES;
				CODE_SIGN_STYLE = Automatic;
				CURRENT_PROJECT_VERSION = 1;
				GENERATE_INFOPLIST_FILE = YES;
				MACOSX_DEPLOYMENT_TARGET = 12.3;
				MARKETING_VERSION = 1.0;
				PRODUCT_BUNDLE_IDENTIFIER = "com.example.Tests-macOS";
				PRODUCT_NAME = "$(TARGET_NAME)";
				SDKROOT = macosx;
				SWIFT_EMIT_LOC_STRINGS = NO;
				SWIFT_VERSION = 5.0;
				TEST_TARGET_NAME = "Calculator2 (macOS)";
			};
			name = Release;
		};
/* End XCBuildConfiguration section */

/* Begin XCConfigurationList section */
		6E69DC112806E66F000EB2AA /* Build configuration list for PBXProject "Calculator2" */ = {
			isa = XCConfigurationList;
			buildConfigurations = (
				6E69DC482806E674000EB2AA /* Debug */,
				6E69DC492806E674000EB2AA /* Release */,
			);
			defaultConfigurationIsVisible = 0;
			defaultConfigurationName = Release;
		};
		6E69DC4A2806E674000EB2AA /* Build configuration list for PBXNativeTarget "Calculator2 (iOS)" */ = {
			isa = XCConfigurationList;
			buildConfigurations = (
				6E69DC4B2806E674000EB2AA /* Debug */,
				6E69DC4C2806E674000EB2AA /* Release */,
			);
			defaultConfigurationIsVisible = 0;
			defaultConfigurationName = Release;
		};
		6E69DC4D2806E674000EB2AA /* Build configuration list for PBXNativeTarget "Calculator2 (macOS)" */ = {
			isa = XCConfigurationList;
			buildConfigurations = (
				6E69DC4E2806E674000EB2AA /* Debug */,
				6E69DC4F2806E674000EB2AA /* Release */,
			);
			defaultConfigurationIsVisible = 0;
			defaultConfigurationName = Release;
		};
		6E69DC502806E674000EB2AA /* Build configuration list for PBXNativeTarget "Tests iOS" */ = {
			isa = XCConfigurationList;
			buildConfigurations = (
				6E69DC512806E674000EB2AA /* Debug */,
				6E69DC522806E674000EB2AA /* Release */,
			);
			defaultConfigurationIsVisible = 0;
			defaultConfigurationName = Release;
		};
		6E69DC532806E674000EB2AA /* Build configuration list for PBXNativeTarget "Tests macOS" */ = {
			isa = XCConfigurationList;
			buildConfigurations = (
				6E69DC542806E674000EB2AA /* Debug */,
				6E69DC552806E674000EB2AA /* Release */,
			);
			defaultConfigurationIsVisible = 0;
			defaultConfigurationName = Release;
		};
/* End XCConfigurationList section */

/* Begin XCVersionGroup section */
		6E69DC132806E66F000EB2AA /* Calculator2.xcdatamodeld */ = {
			isa = XCVersionGroup;
			children = (
				6E69DC142806E66F000EB2AA /* Shared.xcdatamodel */,
			);
			currentVersion = 6E69DC142806E66F000EB2AA /* Shared.xcdatamodel */;
			path = Calculator2.xcdatamodeld;
			sourceTree = "<group>";
			versionGroupType = wrapper.xcdatamodel;
		};
/* End XCVersionGroup section */
	};
	rootObject = 6E69DC0E2806E66F000EB2AA /* Project object */;
}
